# This file is autogenerated, do not edit; changes may be undone by the next 'dep ensure'.


[[projects]]
  name = "bazil.org/fuse"
  packages = [".","fs","fs/fstestutil","fuseutil"]
  revision = "73d29b6d1aee13403f7b7ffd3ead457e20f638b3"
  source = "https://github.com/gxed/bazil-fuse"

[[projects]]
  branch = "default"
  name = "bitbucket.org/ww/goautoneg"
  packages = ["."]
  revision = "75cd24fc2f2c2a2088577d12123ddee5f54e0675"

[[projects]]
  branch = "master"
  name = "github.com/Kubuxu/go-os-helper"
  packages = ["."]
  revision = "3d3fc2fb493d8d889dddd5a4524283ac2faa4732"

[[projects]]
  branch = "master"
  name = "github.com/agl/ed25519"
  packages = [".","edwards25519","extra25519"]
  revision = "5312a61534124124185d41f09206b9fef1d88403"

[[projects]]
  branch = "master"
  name = "github.com/beorn7/perks"
  packages = ["quantile"]
  revision = "4c0e84591b9aa9e6dcfdf3e020114cd81f89d5f9"

[[projects]]
  name = "github.com/blang/semver"
  packages = ["."]
  revision = "2ee87856327ba09384cabd113bc6b5d174e9ec0f"
  version = "v3.5.1"

[[projects]]
  branch = "master"
  name = "github.com/bren2010/proquint"
  packages = ["."]
  revision = "38337c27106d8f06e9b5cddc6df973ceece1c8ea"

[[projects]]
  branch = "master"
  name = "github.com/btcsuite/btcd"
  packages = ["btcec"]
  revision = "a1d1ea70dd212a440beb9caa4b766a58d1ed0254"

[[projects]]
  name = "github.com/cenkalti/backoff"
  packages = ["."]
  revision = "61153c768f31ee5f130071d08fc82b85208528de"
  version = "v1.1.0"

[[projects]]
  name = "github.com/coreos/go-semver"
  packages = ["semver"]
  revision = "8ab6407b697782a06568d4b7f1db25550ec2e4c6"
  version = "v0.2.0"

[[projects]]
  branch = "master"
  name = "github.com/davidlazar/go-crypto"
  packages = ["salsa20"]
  revision = "dcfb0a7ac018a248366f96bcd8a2f8c805d7b268"

[[projects]]
  branch = "master"
  name = "github.com/docker/spdystream"
  packages = [".","spdy"]
  revision = "ed496381df8283605c435b86d4fdd6f4f20b8c6e"

[[projects]]
  branch = "master"
  name = "github.com/dustin/go-humanize"
  packages = ["."]
  revision = "79e699ccd02f240a1f1fbbdcee7e64c1c12e41aa"

[[projects]]
  branch = "master"
  name = "github.com/facebookgo/atomicfile"
  packages = ["."]
  revision = "2de1f203e7d5e386a6833233882782932729f27e"

[[projects]]
  branch = "master"
  name = "github.com/fd/go-nat"
  packages = ["."]
  revision = "dcaf50131e4810440bed2cbb6f7f32c4f4cc95dd"

[[projects]]
  name = "github.com/gogo/protobuf"
  packages = ["io","proto"]
  revision = "100ba4e885062801d56799d78530b73b178a78f3"
  version = "v0.4"

[[projects]]
  branch = "master"
  name = "github.com/golang/protobuf"
  packages = ["proto"]
  revision = "ab9f9a6dab164b7d1246e0e688b0ab7b94d8553e"

[[projects]]
  branch = "master"
  name = "github.com/golang/snappy"
  packages = ["."]
  revision = "553a641470496b2327abcac10b36396bd98e45c9"

[[projects]]
  name = "github.com/gorilla/websocket"
  packages = ["."]
  revision = "ea4d1f681babbce9545c9c5f3d5194a789c89f5b"
  version = "v1.2.0"

[[projects]]
  branch = "master"
  name = "github.com/gxed/GoEndian"
  packages = ["."]
  revision = "0f5c6873267e5abf306ffcdfcfa4bf77517ef4a7"

[[projects]]
  branch = "master"
  name = "github.com/gxed/bbloom"
  packages = ["."]
  revision = "6c7292d0e0050d4187fb67f264cfa1b0a147c733"

[[projects]]
  name = "github.com/gxed/client_golang"
  packages = ["prometheus"]
  revision = "6dbab8106ed3ed77359ac85d9cf08e30290df864"
  version = "0.7.0"

[[projects]]
  branch = "master"
  name = "github.com/gxed/eventfd"
  packages = ["."]
  revision = "80a92cca79a8041496ccc9dd773fcb52a57ec6f9"

[[projects]]
  branch = "master"
  name = "github.com/hashicorp/golang-lru"
  packages = [".","simplelru"]
  revision = "0a025b7e63adc15a622f29b0b2c4c3848243bbf6"

[[projects]]
  branch = "master"
  name = "github.com/huin/goupnp"
  packages = [".","dcps/internetgateway1","dcps/internetgateway2","httpu","scpd","soap","ssdp"]
  revision = "9b81a7424f2384e4df098d4ac9096f9ed9d8ef95"

[[projects]]
  name = "github.com/ipfs/dir-index-html"
  packages = ["."]
  revision = "66cbbeb90c9428feb03ffb2e304aa803c8777be3"
  version = "v1.0.2"

[[projects]]
  branch = "master"
  name = "github.com/ipfs/go-block-format"
  packages = ["."]
  revision = "3b0dbd6dcfc482b52cc2047854276f2388b81675"

[[projects]]
  branch = "master"
  name = "github.com/ipfs/go-cid"
  packages = ["."]
  revision = "5652e6f751d6c929f69c58090a337b7c4fe2048f"

[[projects]]
  branch = "master"
  name = "github.com/ipfs/go-datastore"
  packages = [".","keytransform","namespace","query","sync","syncmount"]
  revision = "e8521f97048a5b92f2dfd74b413928cb7d7cce1c"

[[projects]]
  branch = "master"
  name = "github.com/ipfs/go-ds-flatfs"
  packages = ["."]
  revision = "5f5a12b0b5179993edc42df6bf44bc6120c5eb84"

[[projects]]
  branch = "master"
  name = "github.com/ipfs/go-ds-leveldb"
  packages = ["."]
  revision = "0bd8ab0a53a8a353f156f9cb1300ed32750998f3"

[[projects]]
  branch = "master"
  name = "github.com/ipfs/go-ds-measure"
  packages = ["."]
  revision = "849954870d3cfe4de210c22ed8ce2ed3b6bfc4e7"

[[projects]]
  branch = "master"
  name = "github.com/ipfs/go-ipfs-util"
  packages = ["."]
  revision = "ca91b45d2e776e6e066151f7b65a3984c87e9fbb"

[[projects]]
  branch = "master"
  name = "github.com/ipfs/go-ipld-cbor"
  packages = ["."]
  revision = "bf14fa5e8c05ca5c1c27a45425d74c0598cab86e"

[[projects]]
  branch = "master"
  name = "github.com/ipfs/go-ipld-format"
  packages = ["."]
  revision = "5804fc9c967013790b1866cbb4975a24e0ec2aae"

[[projects]]
  branch = "master"
  name = "github.com/ipfs/go-ipld-git"
  packages = ["."]
  revision = "1b387330c001a325adfdc08503d429a0cb67b45d"

[[projects]]
  branch = "master"
  name = "github.com/ipfs/go-log"
  packages = ["."]
  revision = "48d644b006ba26f1793bffc46396e981801078e3"

[[projects]]
  branch = "master"
  name = "github.com/ipfs/go-metrics-interface"
  packages = ["."]
  revision = "6fb12c07d09b5db635a47107cf53c867228c7086"

[[projects]]
  branch = "master"
  name = "github.com/ipfs/go-metrics-prometheus"
  packages = ["."]
  revision = "c3c0ab1359670984f5a9f9178bf55666fc9f3503"

[[projects]]
  branch = "master"
  name = "github.com/ipfs/go-todocounter"
  packages = ["."]
  revision = "1e832b829506383050e6eebd12e05ea41a451532"

[[projects]]
  name = "github.com/jackpal/gateway"
  packages = ["."]
  revision = "3e333950771011fed13be63e62b9f473c5e0d9bf"
  version = "v1.0.4"

[[projects]]
  name = "github.com/jackpal/go-nat-pmp"
  packages = ["."]
  revision = "c9cfead9f2a36ddf3daa40ba269aa7f4bbba6b62"
  version = "v1.0.1"

[[projects]]
  name = "github.com/jbenet/go-base58"
  packages = ["."]
  revision = "6237cf65f3a6f7111cd8a42be3590df99a66bc7d"
  version = "1.0.0"

[[projects]]
  branch = "master"
  name = "github.com/jbenet/go-context"
  packages = ["frac","io"]
  revision = "d14ea06fba99483203c19d92cfcd13ebe73135f4"

[[projects]]
  branch = "master"
  name = "github.com/jbenet/go-is-domain"
  packages = ["."]
  revision = "ba9815c809e0dc052e170d8a8920c4636a819977"

[[projects]]
  branch = "master"
  name = "github.com/jbenet/go-msgio"
  packages = [".","mpool"]
  revision = "242a3f4ed2d0098bff2f25b1bd32f4254e803b23"

[[projects]]
  branch = "master"
  name = "github.com/jbenet/go-os-rename"
  packages = ["."]
  revision = "3ac97f61ef67a6b87b95c1282f6c317ed0e693c2"

[[projects]]
  branch = "master"
  name = "github.com/jbenet/go-reuseport"
  packages = [".","poll","singlepoll"]
  revision = "2829a839855c3fe70035c6714ca9cb741b78c68c"

[[projects]]
  branch = "master"
  name = "github.com/jbenet/go-sockaddr"
  packages = ["net"]
  revision = "2e7ea655c10e4d4d73365f0f073b81b39cb08ee1"

[[projects]]
  branch = "master"
  name = "github.com/jbenet/go-temp-err-catcher"
  packages = ["."]
  revision = "aac704a3f4f27190b4ccc05f303a4931fd1241ff"

[[projects]]
  branch = "master"
  name = "github.com/jbenet/goprocess"
  packages = [".","context","periodic","ratelimit"]
  revision = "b497e2f366b8624394fb2e89c10ab607bebdde0b"

[[projects]]
  branch = "master"
  name = "github.com/libp2p/go-addr-util"
  packages = ["."]
  revision = "8c03d78e8434dac314ae5148070b8f8c046dcd1d"

[[projects]]
  branch = "master"
  name = "github.com/libp2p/go-floodsub"
  packages = [".","pb"]
  revision = "70c64e9b50ff97fd625286459ee06962e41294cd"

[[projects]]
  branch = "master"
  name = "github.com/libp2p/go-libp2p"
  packages = ["p2p/discovery","p2p/host/basic","p2p/host/routed","p2p/net/mock","p2p/protocol/identify","p2p/protocol/identify/pb","p2p/protocol/ping"]
  revision = "da69d3a757b384e1616c56e07e5ca5fdad634498"

[[projects]]
  branch = "master"
  name = "github.com/libp2p/go-libp2p-circuit"
  packages = [".","pb"]
  revision = "5f1d203e2568f9b1b5108bc35dbdd4c15e9d313f"

[[projects]]
  branch = "master"
  name = "github.com/libp2p/go-libp2p-conn"
  packages = ["."]
  revision = "02a696a5fab00e526126f9e999cc301ed76c8d79"

[[projects]]
  branch = "master"
  name = "github.com/libp2p/go-libp2p-connmgr"
  packages = ["."]
  revision = "acd272c2af60acbb1bd02d8ffa725cc384a56397"

[[projects]]
  branch = "master"
  name = "github.com/libp2p/go-libp2p-crypto"
  packages = [".","pb"]
  revision = "e89e1de117dd65c6129d99d1d853f48bc847cf17"

[[projects]]
  branch = "master"
  name = "github.com/libp2p/go-libp2p-host"
  packages = ["."]
  revision = "80284432e5746b66d28f959239b0355c74c58662"

[[projects]]
  branch = "master"
  name = "github.com/libp2p/go-libp2p-interface-conn"
  packages = ["."]
  revision = "b3243beaa4d5ee07591b5b3e0a0f18e37b61b8f9"

[[projects]]
  branch = "master"
  name = "github.com/libp2p/go-libp2p-interface-pnet"
  packages = ["."]
  revision = "28cd03f4a907f498f60a56a20de93320dc0b68c3"

[[projects]]
  branch = "master"
  name = "github.com/libp2p/go-libp2p-kad-dht"
  packages = [".","pb","providers"]
  revision = "6362bb14206c675954b166d72cbe259337eca320"

[[projects]]
  branch = "master"
  name = "github.com/libp2p/go-libp2p-kbucket"
  packages = [".","keyspace"]
  revision = "a45dd389b6d11f4a75c8f14fe58219932027d85c"

[[projects]]
  branch = "master"
  name = "github.com/libp2p/go-libp2p-loggables"
  packages = ["."]
  revision = "bb8a0d998a5284b1ccbcea9dc07c2abe66d6451b"

[[projects]]
  branch = "master"
  name = "github.com/libp2p/go-libp2p-metrics"
  packages = [".","conn","stream"]
  revision = "96353bf81b1e948656ba000cec067d688831e000"

[[projects]]
  branch = "master"
  name = "github.com/libp2p/go-libp2p-nat"
  packages = ["."]
  revision = "9e4c905f5516e03f855f6fbd9e5e89823884d880"

[[projects]]
  branch = "master"
  name = "github.com/libp2p/go-libp2p-net"
  packages = ["."]
  revision = "61a09c8234f639c70daa5f881e79b4fc1366a40e"

[[projects]]
  branch = "master"
  name = "github.com/libp2p/go-libp2p-netutil"
  packages = ["."]
  revision = "416c162797f3f0bde85afc16f4843d47e9004a0e"

[[projects]]
  branch = "master"
  name = "github.com/libp2p/go-libp2p-peer"
  packages = [".","peerset","test"]
  revision = "d863b451638c441d046c53834ccfef13beebd025"

[[projects]]
  branch = "master"
  name = "github.com/libp2p/go-libp2p-peerstore"
  packages = [".","addr","queue"]
  revision = "b2087a91b1d6f5f0c4477c71a51a32eb68a8c685"

[[projects]]
  branch = "master"
  name = "github.com/libp2p/go-libp2p-pnet"
  packages = ["."]
  revision = "ca4a3c5aa97baf29d47d72d76db6a3c9c84ca37e"

[[projects]]
  branch = "master"
  name = "github.com/libp2p/go-libp2p-protocol"
  packages = ["."]
  revision = "86bfc440c3e51ec65a4629219623cc5c7e31f16a"

[[projects]]
  branch = "master"
  name = "github.com/libp2p/go-libp2p-record"
  packages = [".","pb"]
  revision = "829c054bf734caa5046bda8c3b4a6bdde2e9c595"

[[projects]]
  branch = "master"
  name = "github.com/libp2p/go-libp2p-routing"
  packages = [".","notifications"]
  revision = "71b44923324ed1a196407aee679cdf749194fb05"

[[projects]]
  branch = "master"
  name = "github.com/libp2p/go-libp2p-secio"
  packages = [".","pb"]
  revision = "59400d5311f58f959ce2ebeb10a5e1d0deb6e7e5"

[[projects]]
  branch = "fix/stream-muxer/libp2p"
  name = "github.com/libp2p/go-libp2p-swarm"
  packages = ["."]
  revision = "21557f80f63c0f00920fad4d8834f4d5da393643"

[[projects]]
  branch = "master"
  name = "github.com/libp2p/go-libp2p-transport"
  packages = ["."]
  revision = "1b7d004fdc7582bf3ed714b187a8294e71cf824b"

[[projects]]
  branch = "master"
  name = "github.com/libp2p/go-maddr-filter"
  packages = ["."]
  revision = "ac6a10c4e30dabf1a55aa0f51102ae4daed951fb"

[[projects]]
  branch = "remove-serve"
  name = "github.com/libp2p/go-peerstream"
  packages = ["."]
  revision = "c9b06722760d70728f6a2f3925fc1a09c6f75bde"
  source = "https://github.com/marten-seemann/go-peerstream.git"

[[projects]]
  branch = "master"
  name = "github.com/libp2p/go-stream-muxer"
  packages = ["."]
  revision = "78b5d54f5753799e7853cc8f38304a104a8e76b4"

[[projects]]
  branch = "master"
  name = "github.com/libp2p/go-tcp-transport"
  packages = ["."]
  revision = "9e9c6d1690729822aaef41ba9fff12900b7b8ee3"

[[projects]]
  branch = "master"
  name = "github.com/libp2p/go-testutil"
  packages = [".","ci","ci/travis"]
  revision = "74cb0006b15788e0d6c2525eafdb8531ae921490"

[[projects]]
  branch = "master"
  name = "github.com/libp2p/go-ws-transport"
  packages = ["."]
  revision = "f2fb5ceb7d24bce04afd738441c7efc854a543f1"

[[projects]]
  name = "github.com/matttproud/golang_protobuf_extensions"
  packages = ["pbutil"]
  revision = "3247c84500bff8d9fb6d579d800f20b3e091582c"
  version = "v1.0.0"

[[projects]]
  branch = "master"
  name = "github.com/miekg/dns"
  packages = ["."]
  revision = "e4205768578dc90c2669e75a2f8a8bf77e3083a4"

[[projects]]
  branch = "master"
  name = "github.com/multiformats/go-multiaddr"
  packages = ["."]
  revision = "6addc7f583980ebb06b33b5c24b703b245c6984f"

[[projects]]
  branch = "master"
  name = "github.com/multiformats/go-multiaddr-dns"
  packages = ["."]
  revision = "d974dec81f5fcad4c29a427d327afb5bc6c0f39a"

[[projects]]
  branch = "master"
  name = "github.com/multiformats/go-multiaddr-net"
  packages = ["."]
  revision = "376ba58703c84bfff9ca6e0057adf38ad48d3de5"

[[projects]]
  branch = "master"
  name = "github.com/multiformats/go-multibase"
  packages = ["."]
  revision = "af68ad2dd723b6b513b17b5271da9dcd5f5949b7"

[[projects]]
  branch = "master"
  name = "github.com/multiformats/go-multicodec"
  packages = [".","base","base/b64","base/bin","base/hex","base/mux","cbor","json","mux"]
  revision = "5e2f2923465fed1fd86110f37ca1a64ba1c0e55d"

[[projects]]
  branch = "master"
  name = "github.com/multiformats/go-multicodec-packed"
  packages = ["."]
  revision = "0ee69486dc1c9087aacfcc575e333f305009997e"

[[projects]]
  branch = "master"
  name = "github.com/multiformats/go-multihash"
  packages = ["."]
  revision = "f1ef5a02f28c862ca5a2037907cf76cc6c98dbf9"

[[projects]]
  branch = "master"
  name = "github.com/multiformats/go-multistream"
  packages = ["."]
  revision = "b8f1996688ab586031517919b49b1967fca8d5d9"

[[projects]]
  name = "github.com/prometheus/client_golang"
  packages = ["model","text"]
  revision = "6dbab8106ed3ed77359ac85d9cf08e30290df864"
  version = "0.7.0"

[[projects]]
  branch = "master"
  name = "github.com/prometheus/client_model"
  packages = ["go"]
  revision = "6f3806018612930941127f2a7c6c453ba2c527d2"

[[projects]]
  branch = "master"
  name = "github.com/prometheus/procfs"
  packages = [".","xfs"]
  revision = "e645f4e5aaa8506fc71d6edbc5c4ff02c04c46f2"

[[projects]]
  name = "github.com/rs/cors"
  packages = ["."]
  revision = "7af7a1e09ba336d2ea14b1ce73bf693c6837dbf6"
  version = "v1.2"

[[projects]]
  name = "github.com/satori/go.uuid"
  packages = ["."]
  revision = "879c5887cd475cd7864858769793b2ceb0d44feb"
  version = "v1.1.0"

[[projects]]
  name = "github.com/spaolacci/murmur3"
  packages = ["."]
  revision = "0d12bf811670bf6a1a63828dfbd003eded177fce"
  version = "v1.0"

[[projects]]
  name = "github.com/steakknife/hamming"
  packages = ["."]
  revision = "5ac3f73b8842df21423978fbbeb5166670f6f73e"
  version = "0.2.3"

[[projects]]
  branch = "master"
  name = "github.com/syndtr/goleveldb"
  packages = ["leveldb","leveldb/cache","leveldb/comparer","leveldb/errors","leveldb/filter","leveldb/iterator","leveldb/journal","leveldb/memdb","leveldb/opt","leveldb/storage","leveldb/table","leveldb/util"]
  revision = "b89cc31ef7977104127d34c1bd31ebd1a9db2199"

[[projects]]
  branch = "master"
  name = "github.com/whyrusleeping/autobatch"
  packages = ["."]
  revision = "055ea5cded491803066f8aac4a0f4fce2ca0ec6b"

[[projects]]
  branch = "master"
  name = "github.com/whyrusleeping/base32"
  packages = ["."]
  revision = "040256406660c57e043d6cc8a9406d20c4fc7277"

[[projects]]
  branch = "master"
  name = "github.com/whyrusleeping/cbor"
  packages = ["go"]
  revision = "1f7eb02d86d710f364f892f37649f091865a2441"

[[projects]]
  branch = "master"
  name = "github.com/whyrusleeping/go-keyspace"
  packages = ["."]
  revision = "5b898ac5add1da7178a4a98e69cb7b9205c085ee"

[[projects]]
  branch = "master"
  name = "github.com/whyrusleeping/go-logging"
  packages = ["."]
  revision = "0457bb6b88fc1973573aaf6b5145d8d3ae972390"

[[projects]]
  branch = "master"
  name = "github.com/whyrusleeping/go-metrics"
  packages = ["."]
  revision = "1ca5caed0cfa95a47fd65a79762286ae626c865c"

[[projects]]
  branch = "master"
  name = "github.com/whyrusleeping/go-multiplex"
  packages = ["."]
  revision = "8876fa41c9d648ca81d1046a35d689f3e05c4f86"

[[projects]]
  branch = "master"
  name = "github.com/whyrusleeping/go-notifier"
  packages = ["."]
  revision = "097c5d47330ff6a823f67e3515faa13566a62c6f"

[[projects]]
  branch = "master"
  name = "github.com/whyrusleeping/go-smux-multiplex"
  packages = ["."]
  revision = "05f67c3f6eb7e4a8ef73b3fd773c0c69e0424d41"

[[projects]]
  name = "github.com/whyrusleeping/go-smux-multistream"
  packages = ["."]
  revision = "6fafe570892b47db67ae32c4d4eebcdaa206f309"
  source = "https://github.com/marten-seemann/go-smux-multistream.git"

[[projects]]
  branch = "remove-serve"
  name = "github.com/whyrusleeping/go-smux-spdystream"
  packages = ["."]
  revision = "ccb32dd6088c4b9e7e7526e66d31064966b56bd0"
  source = "https://github.com/marten-seemann/go-smux-spdystream.git"

[[projects]]
  branch = "master"
  name = "github.com/whyrusleeping/go-smux-yamux"
  packages = ["."]
  revision = "7072f308477225978980db8546d3760824a5385f"

[[projects]]
  branch = "master"
  name = "github.com/whyrusleeping/go-sysinfo"
  packages = ["."]
  revision = "dee6add16c7d185abf829c6ba08983fcc3bc5b99"

[[projects]]
  branch = "master"
  name = "github.com/whyrusleeping/mafmt"
  packages = ["."]
  revision = "8eaabeb0013fb995358b239e04394c27acaf38a2"

[[projects]]
  branch = "master"
  name = "github.com/whyrusleeping/mdns"
  packages = ["."]
  revision = "348bb87e5cd39b33dba9a33cb20802111e5ee029"

[[projects]]
  branch = "master"
  name = "github.com/whyrusleeping/multiaddr-filter"
  packages = ["."]
  revision = "e903e4adabd70b78bc9293b6ee4f359afb3f9f59"

[[projects]]
  branch = "master"
  name = "github.com/whyrusleeping/retry-datastore"
  packages = ["."]
  revision = "a719db2f1ec40bc493de11f70b27e357dc74e0a9"

[[projects]]
  branch = "master"
  name = "github.com/whyrusleeping/timecache"
  packages = ["."]
  revision = "cfcb2f1abfee846c430233aef0b630a946e0a5a6"

[[projects]]
  branch = "master"
  name = "github.com/whyrusleeping/yamux"
  packages = ["."]
  revision = "6ceb0c73fcc4344f89caa1b45572cb3d61c06a11"

[[projects]]
  branch = "master"
  name = "go4.org"
  packages = ["lock"]
  revision = "034d17a462f7b2dcd1a4a73553ec5357ff6e6c6e"

[[projects]]
  branch = "master"
  name = "golang.org/x/crypto"
  packages = ["blake2b","blake2s","blowfish","salsa20","salsa20/salsa","sha3"]
  revision = "81e90905daefcd6fd217b62423c0908922eadb30"

[[projects]]
  branch = "master"
  name = "golang.org/x/net"
  packages = ["bpf","context","html","html/atom","html/charset","internal/iana","internal/socket","ipv4","ipv6"]
  revision = "57efc9c3d9f91fb3277f8da1cff370539c4d3dc5"

[[projects]]
  branch = "master"
  name = "golang.org/x/sys"
  packages = ["unix"]
  revision = "2d6f6f883a06fc0d5f4b14a81e4c28705ea64c15"

[[projects]]
  branch = "master"
  name = "golang.org/x/text"
  packages = ["encoding","encoding/charmap","encoding/htmlindex","encoding/internal","encoding/internal/identifier","encoding/japanese","encoding/korean","encoding/simplifiedchinese","encoding/traditionalchinese","encoding/unicode","internal/gen","internal/tag","internal/utf8internal","language","runes","transform","unicode/cldr"]
  revision = "ac87088df8ef557f1e32cd00ed0b6fbc3f7ddafb"

[[projects]]
  name = "gopkg.in/cheggaaa/pb.v1"
  packages = ["."]
  revision = "c1f48d5ce4f292dfb775ef52aaedd15be323510d"

[[projects]]
  name = "gopkg.in/fsnotify.v1"
  packages = ["."]
  revision = "629574ca2a5df945712d3079857300b5e4da0236"
  version = "v1.4.2"

[[projects]]
  branch = "master"
  name = "leb.io/hashland"
  packages = ["keccakpg"]
  revision = "e13accbe55f7fa03c73c74ace4cca4c425e47260"

[solve-meta]
  analyzer-name = "dep"
  analyzer-version = 1
  inputs-digest = "61dc7d2d5bbda886119d98fe3db10adba6953891eb28aa2b77b3b880d9444233"
  solver-name = "gps-cdcl"
  solver-version = 1
